
Microsoft Visual Studio Solution File, Format Version 12.00
# Visual Studio 2012
Project("{FAE04EC0-301F-11D3-BF4B-00C04F79EFBC}") = "OmniGraph", "OmniGraph\OmniGraph.csproj", "{FF177933-D03C-4244-B0A2-F726A1A0F89B}"
EndProject
Global
	GlobalSection(SolutionConfigurationPlatforms) = preSolution
		Debug|Any CPU = Debug|Any CPU
		Release|Any CPU = Release|Any CPU
	EndGlobalSection
	GlobalSection(ProjectConfigurationPlatforms) = postSolution
		{FF177933-D03C-4244-B0A2-F726A1A0F89B}.Debug|Any CPU.ActiveCfg = Debug|Any CPU
		{FF177933-D03C-4244-B0A2-F726A1A0F89B}.Debug|Any CPU.Build.0 = Debug|Any CPU
		{FF177933-D03C-4244-B0A2-F726A1A0F89B}.Release|Any CPU.ActiveCfg = Release|Any CPU
		{FF177933-D03C-4244-B0A2-F726A1A0F89B}.Release|Any CPU.Build.0 = Release|Any CPU
	EndGlobalSection
EndGlobal
